
Microsoft Visual Studio Solution File, Format Version 12.00
# Visual Studio Version 17
VisualStudioVersion = 17.8.34330.188
MinimumVisualStudioVersion = 10.0.40219.1
Project("{FAE04EC0-301F-11D3-BF4B-00C04F79EFBC}") = "Pharmacy.Domain", "Pharmacy.Domain\Pharmacy.Domain.csproj", "{4B7C4F6E-DFBA-45ED-BCDB-B3418FCB2C78}"
EndProject
Project("{FAE04EC0-301F-11D3-BF4B-00C04F79EFBC}") = "PharmacyApp.Infrastructure", "PharmacyApp.Infrastructure\PharmacyApp.Infrastructure.csproj", "{A56F89DB-5D48-4BCF-B53D-19F1A9116709}"
EndProject
Project("{FAE04EC0-301F-11D3-BF4B-00C04F79EFBC}") = "PharmacyApp.Web", "PharmacyApp.Web\PharmacyApp.Web.csproj", "{637A8706-579F-4D90-9366-C79D4DF38A16}"
EndProject
Project("{FAE04EC0-301F-11D3-BF4B-00C04F79EFBC}") = "Services", "Services\Services.csproj", "{97B6B225-52B9-45CE-BB1E-184B00283001}"
EndProject
Global
	GlobalSection(SolutionConfigurationPlatforms) = preSolution
		Debug|Any CPU = Debug|Any CPU
		Release|Any CPU = Release|Any CPU
	EndGlobalSection
	GlobalSection(ProjectConfigurationPlatforms) = postSolution
		{4B7C4F6E-DFBA-45ED-BCDB-B3418FCB2C78}.Debug|Any CPU.ActiveCfg = Debug|Any CPU
		{4B7C4F6E-DFBA-45ED-BCDB-B3418FCB2C78}.Debug|Any CPU.Build.0 = Debug|Any CPU
		{4B7C4F6E-DFBA-45ED-BCDB-B3418FCB2C78}.Release|Any CPU.ActiveCfg = Release|Any CPU
		{4B7C4F6E-DFBA-45ED-BCDB-B3418FCB2C78}.Release|Any CPU.Build.0 = Release|Any CPU
		{A56F89DB-5D48-4BCF-B53D-19F1A9116709}.Debug|Any CPU.ActiveCfg = Debug|Any CPU
		{A56F89DB-5D48-4BCF-B53D-19F1A9116709}.Debug|Any CPU.Build.0 = Debug|Any CPU
		{A56F89DB-5D48-4BCF-B53D-19F1A9116709}.Release|Any CPU.ActiveCfg = Release|Any CPU
		{A56F89DB-5D48-4BCF-B53D-19F1A9116709}.Release|Any CPU.Build.0 = Release|Any CPU
		{637A8706-579F-4D90-9366-C79D4DF38A16}.Debug|Any CPU.ActiveCfg = Debug|Any CPU
		{637A8706-579F-4D90-9366-C79D4DF38A16}.Debug|Any CPU.Build.0 = Debug|Any CPU
		{637A8706-579F-4D90-9366-C79D4DF38A16}.Release|Any CPU.ActiveCfg = Release|Any CPU
		{637A8706-579F-4D90-9366-C79D4DF38A16}.Release|Any CPU.Build.0 = Release|Any CPU
		{97B6B225-52B9-45CE-BB1E-184B00283001}.Debug|Any CPU.ActiveCfg = Debug|Any CPU
		{97B6B225-52B9-45CE-BB1E-184B00283001}.Debug|Any CPU.Build.0 = Debug|Any CPU
		{97B6B225-52B9-45CE-BB1E-184B00283001}.Release|Any CPU.ActiveCfg = Release|Any CPU
		{97B6B225-52B9-45CE-BB1E-184B00283001}.Release|Any CPU.Build.0 = Release|Any CPU
	EndGlobalSection
	GlobalSection(SolutionProperties) = preSolution
		HideSolutionNode = FALSE
	EndGlobalSection
	GlobalSection(ExtensibilityGlobals) = postSolution
		SolutionGuid = {BD9B0405-3DAD-4143-86C3-3DDCD0E81478}
	EndGlobalSection
EndGlobal
